
Microsoft Visual Studio Solution File, Format Version 12.00
# Visual Studio Version 16
VisualStudioVersion = 16.0.31624.102
MinimumVisualStudioVersion = 10.0.40219.1
Project("{FAE04EC0-301F-11D3-BF4B-00C04F79EFBC}") = "factorydemo", "factorydemo\factorydemo.csproj", "{D976610D-A37F-4A4A-BC89-653D739D1369}"
EndProject
Global
	GlobalSection(SolutionConfigurationPlatforms) = preSolution
		Debug|Any CPU = Debug|Any CPU
		Release|Any CPU = Release|Any CPU
	EndGlobalSection
	GlobalSection(ProjectConfigurationPlatforms) = postSolution
		{D976610D-A37F-4A4A-BC89-653D739D1369}.Debug|Any CPU.ActiveCfg = Debug|Any CPU
		{D976610D-A37F-4A4A-BC89-653D739D1369}.Debug|Any CPU.Build.0 = Debug|Any CPU
		{D976610D-A37F-4A4A-BC89-653D739D1369}.Release|Any CPU.ActiveCfg = Release|Any CPU
		{D976610D-A37F-4A4A-BC89-653D739D1369}.Release|Any CPU.Build.0 = Release|Any CPU
	EndGlobalSection
	GlobalSection(SolutionProperties) = preSolution
		HideSolutionNode = FALSE
	EndGlobalSection
	GlobalSection(ExtensibilityGlobals) = postSolution
		SolutionGuid = {3861CDCE-74CF-4981-B3C6-8AA9DA4C54C4}
	EndGlobalSection
EndGlobal
